// !$*UTF8*$!
{
	archiveVersion = 1;
	classes = {
	};
	objectVersion = 50;
	objects = {

/* Begin PBXBuildFile section */
		2139156522083BD3002B908C /* Constants.swift in Sources */ = {isa = PBXBuildFile; fileRef = 2139156422083BD3002B908C /* Constants.swift */; };
		21391567220918EE002B908C /* Util.swift in Sources */ = {isa = PBXBuildFile; fileRef = 21391566220918EE002B908C /* Util.swift */; };
		21AB1DF621F5BD0F00A1A380 /* AppDelegate.swift in Sources */ = {isa = PBXBuildFile; fileRef = 21AB1DF521F5BD0F00A1A380 /* AppDelegate.swift */; };
		21AB1DF821F5BD0F00A1A380 /* ViewController.swift in Sources */ = {isa = PBXBuildFile; fileRef = 21AB1DF721F5BD0F00A1A380 /* ViewController.swift */; };
		21AB1DFA21F5BD1000A1A380 /* Assets.xcassets in Resources */ = {isa = PBXBuildFile; fileRef = 21AB1DF921F5BD1000A1A380 /* Assets.xcassets */; };
		21AB1DFD21F5BD1000A1A380 /* Main.storyboard in Resources */ = {isa = PBXBuildFile; fileRef = 21AB1DFB21F5BD1000A1A380 /* Main.storyboard */; };
		21CF793121F5C5CC009D86CA /* Resources in Resources */ = {isa = PBXBuildFile; fileRef = 21CF793021F5C5CC009D86CA /* Resources */; };
		21CF793321F6E29E009D86CA /* App.swift in Sources */ = {isa = PBXBuildFile; fileRef = 21CF793221F6E29E009D86CA /* App.swift */; };
		37FC0B5A8353A018AE8880E3 /* Pods_App_GUI.framework in Frameworks */ = {isa = PBXBuildFile; fileRef = 0FFE2FB8F0860AEC5A9D9A77 /* Pods_App_GUI.framework */; };
/* End PBXBuildFile section */

/* Begin PBXFileReference section */
		064A1293D08F6611495F2D9D /* Pods-App_GUI.release.xcconfig */ = {isa = PBXFileReference; includeInIndex = 1; lastKnownFileType = text.xcconfig; name = "Pods-App_GUI.release.xcconfig"; path = "Pods/Target Support Files/Pods-App_GUI/Pods-App_GUI.release.xcconfig"; sourceTree = "<group>"; };
		0FFE2FB8F0860AEC5A9D9A77 /* Pods_App_GUI.framework */ = {isa = PBXFileReference; explicitFileType = wrapper.framework; includeInIndex = 0; path = Pods_App_GUI.framework; sourceTree = BUILT_PRODUCTS_DIR; };
		2139156422083BD3002B908C /* Constants.swift */ = {isa = PBXFileReference; lastKnownFileType = sourcecode.swift; path = Constants.swift; sourceTree = "<group>"; };
		21391566220918EE002B908C /* Util.swift */ = {isa = PBXFileReference; lastKnownFileType = sourcecode.swift; path = Util.swift; sourceTree = "<group>"; };
		21AB1DF221F5BD0F00A1A380 /* App_GUI.app */ = {isa = PBXFileReference; explicitFileType = wrapper.application; includeInIndex = 0; path = App_GUI.app; sourceTree = BUILT_PRODUCTS_DIR; };
		21AB1DF521F5BD0F00A1A380 /* AppDelegate.swift */ = {isa = PBXFileReference; lastKnownFileType = sourcecode.swift; path = AppDelegate.swift; sourceTree = "<group>"; };
		21AB1DF721F5BD0F00A1A380 /* ViewController.swift */ = {isa = PBXFileReference; lastKnownFileType = sourcecode.swift; path = ViewController.swift; sourceTree = "<group>"; };
		21AB1DF921F5BD1000A1A380 /* Assets.xcassets */ = {isa = PBXFileReference; lastKnownFileType = folder.assetcatalog; path = Assets.xcassets; sourceTree = "<group>"; };
		21AB1DFC21F5BD1000A1A380 /* Base */ = {isa = PBXFileReference; lastKnownFileType = file.storyboard; name = Base; path = Base.lproj/Main.storyboard; sourceTree = "<group>"; };
		21AB1DFE21F5BD1000A1A380 /* Info.plist */ = {isa = PBXFileReference; lastKnownFileType = text.plist.xml; path = Info.plist; sourceTree = "<group>"; };
		21AB1DFF21F5BD1000A1A380 /* App_GUI.entitlements */ = {isa = PBXFileReference; lastKnownFileType = text.plist.entitlements; path = App_GUI.entitlements; sourceTree = "<group>"; };
		21CF793021F5C5CC009D86CA /* Resources */ = {isa = PBXFileReference; lastKnownFileType = folder; path = Resources; sourceTree = "<group>"; };
		21CF793221F6E29E009D86CA /* App.swift */ = {isa = PBXFileReference; lastKnownFileType = sourcecode.swift; path = App.swift; sourceTree = "<group>"; };
		82828AF81B5ECD339CA1B287 /* Pods-App_GUI.debug.xcconfig */ = {isa = PBXFileReference; includeInIndex = 1; lastKnownFileType = text.xcconfig; name = "Pods-App_GUI.debug.xcconfig"; path = "Pods/Target Support Files/Pods-App_GUI/Pods-App_GUI.debug.xcconfig"; sourceTree = "<group>"; };
/* End PBXFileReference section */

/* Begin PBXFrameworksBuildPhase section */
		21AB1DEF21F5BD0F00A1A380 /* Frameworks */ = {
			isa = PBXFrameworksBuildPhase;
			buildActionMask = 2147483647;
			files = (
				37FC0B5A8353A018AE8880E3 /* Pods_App_GUI.framework in Frameworks */,
			);
			runOnlyForDeploymentPostprocessing = 0;
		};
/* End PBXFrameworksBuildPhase section */

/* Begin PBXGroup section */
		21AB1DE921F5BD0F00A1A380 = {
			isa = PBXGroup;
			children = (
				21AB1DF421F5BD0F00A1A380 /* App_GUI */,
				21AB1DF321F5BD0F00A1A380 /* Products */,
				FB1A96183ACFE5EB8A2B8D27 /* Pods */,
				FAA1D9F37C78C4763FD75AF6 /* Frameworks */,
			);
			sourceTree = "<group>";
		};
		21AB1DF321F5BD0F00A1A380 /* Products */ = {
			isa = PBXGroup;
			children = (
				21AB1DF221F5BD0F00A1A380 /* App_GUI.app */,
			);
			name = Products;
			sourceTree = "<group>";
		};
		21AB1DF421F5BD0F00A1A380 /* App_GUI */ = {
			isa = PBXGroup;
			children = (
				21CF793021F5C5CC009D86CA /* Resources */,
				21AB1DF521F5BD0F00A1A380 /* AppDelegate.swift */,
				21AB1DF721F5BD0F00A1A380 /* ViewController.swift */,
				21AB1DF921F5BD1000A1A380 /* Assets.xcassets */,
				21AB1DFB21F5BD1000A1A380 /* Main.storyboard */,
				21AB1DFE21F5BD1000A1A380 /* Info.plist */,
				21AB1DFF21F5BD1000A1A380 /* App_GUI.entitlements */,
				21CF793221F6E29E009D86CA /* App.swift */,
				2139156422083BD3002B908C /* Constants.swift */,
				21391566220918EE002B908C /* Util.swift */,
			);
			path = App_GUI;
			sourceTree = "<group>";
		};
		FAA1D9F37C78C4763FD75AF6 /* Frameworks */ = {
			isa = PBXGroup;
			children = (
				0FFE2FB8F0860AEC5A9D9A77 /* Pods_App_GUI.framework */,
			);
			name = Frameworks;
			sourceTree = "<group>";
		};
		FB1A96183ACFE5EB8A2B8D27 /* Pods */ = {
			isa = PBXGroup;
			children = (
				82828AF81B5ECD339CA1B287 /* Pods-App_GUI.debug.xcconfig */,
				064A1293D08F6611495F2D9D /* Pods-App_GUI.release.xcconfig */,
			);
			name = Pods;
			sourceTree = "<group>";
		};
/* End PBXGroup section */

/* Begin PBXNativeTarget section */
		21AB1DF121F5BD0F00A1A380 /* App_GUI */ = {
			isa = PBXNativeTarget;
			buildConfigurationList = 21AB1E0221F5BD1000A1A380 /* Build configuration list for PBXNativeTarget "App_GUI" */;
			buildPhases = (
				11E5243F4BF6913E3436FDCC /* [CP] Check Pods Manifest.lock */,
				21AB1DEE21F5BD0F00A1A380 /* Sources */,
				21AB1DEF21F5BD0F00A1A380 /* Frameworks */,
				21AB1DF021F5BD0F00A1A380 /* Resources */,
				A6BAA70274664FBBD6688B39 /* [CP] Embed Pods Frameworks */,
			);
			buildRules = (
			);
			dependencies = (
			);
			name = App_GUI;
			productName = App_GUI;
			productReference = 21AB1DF221F5BD0F00A1A380 /* App_GUI.app */;
			productType = "com.apple.product-type.application";
		};
/* End PBXNativeTarget section */

/* Begin PBXProject section */
		21AB1DEA21F5BD0F00A1A380 /* Project object */ = {
			isa = PBXProject;
			attributes = {
				LastSwiftUpdateCheck = 1010;
				LastUpgradeCheck = 1010;
				ORGANIZATIONNAME = "AJ Leonard";
				TargetAttributes = {
					21AB1DF121F5BD0F00A1A380 = {
						CreatedOnToolsVersion = 10.1;
						SystemCapabilities = {
							com.apple.Sandbox = {
								enabled = 1;
							};
						};
					};
				};
			};
			buildConfigurationList = 21AB1DED21F5BD0F00A1A380 /* Build configuration list for PBXProject "App_GUI" */;
			compatibilityVersion = "Xcode 9.3";
			developmentRegion = en;
			hasScannedForEncodings = 0;
			knownRegions = (
				en,
				Base,
			);
			mainGroup = 21AB1DE921F5BD0F00A1A380;
			productRefGroup = 21AB1DF321F5BD0F00A1A380 /* Products */;
			projectDirPath = "";
			projectRoot = "";
			targets = (
				21AB1DF121F5BD0F00A1A380 /* App_GUI */,
			);
		};
/* End PBXProject section */

/* Begin PBXResourcesBuildPhase section */
		21AB1DF021F5BD0F00A1A380 /* Resources */ = {
			isa = PBXResourcesBuildPhase;
			buildActionMask = 2147483647;
			files = (
				21AB1DFA21F5BD1000A1A380 /* Assets.xcassets in Resources */,
				21AB1DFD21F5BD1000A1A380 /* Main.storyboard in Resources */,
				21CF793121F5C5CC009D86CA /* Resources in Resources */,
			);
			runOnlyForDeploymentPostprocessing = 0;
		};
/* End PBXResourcesBuildPhase section */

/* Begin PBXShellScriptBuildPhase section */
		11E5243F4BF6913E3436FDCC /* [CP] Check Pods Manifest.lock */ = {
			isa = PBXShellScriptBuildPhase;
			buildActionMask = 2147483647;
			files = (
			);
			inputPaths = (
				"${PODS_PODFILE_DIR_PATH}/Podfile.lock",
				"${PODS_ROOT}/Manifest.lock",
			);
			name = "[CP] Check Pods Manifest.lock";
			outputPaths = (
				"$(DERIVED_FILE_DIR)/Pods-App_GUI-checkManifestLockResult.txt",
			);
			runOnlyForDeploymentPostprocessing = 0;
			shellPath = /bin/sh;
			shellScript = "diff \"${PODS_PODFILE_DIR_PATH}/Podfile.lock\" \"${PODS_ROOT}/Manifest.lock\" > /dev/null\nif [ $? != 0 ] ; then\n    # print error to STDERR\n    echo \"error: The sandbox is not in sync with the Podfile.lock. Run 'pod install' or update your CocoaPods installation.\" >&2\n    exit 1\nfi\n# This output is used by Xcode 'outputs' to avoid re-running this script phase.\necho \"SUCCESS\" > \"${SCRIPT_OUTPUT_FILE_0}\"\n";
			showEnvVarsInLog = 0;
		};
		A6BAA70274664FBBD6688B39 /* [CP] Embed Pods Frameworks */ = {
			isa = PBXShellScriptBuildPhase;
			buildActionMask = 2147483647;
			files = (
			);
			inputPaths = (
				"${SRCROOT}/Pods/Target Support Files/Pods-App_GUI/Pods-App_GUI-frameworks.sh",
				"${BUILT_PRODUCTS_DIR}/Alamofire/Alamofire.framework",
				"${BUILT_PRODUCTS_DIR}/PromiseKit/PromiseKit.framework",
				"${BUILT_PRODUCTS_DIR}/SwiftyJSON/SwiftyJSON.framework",
			);
			name = "[CP] Embed Pods Frameworks";
			outputPaths = (
				"${TARGET_BUILD_DIR}/${FRAMEWORKS_FOLDER_PATH}/Alamofire.framework",
				"${TARGET_BUILD_DIR}/${FRAMEWORKS_FOLDER_PATH}/PromiseKit.framework",
				"${TARGET_BUILD_DIR}/${FRAMEWORKS_FOLDER_PATH}/SwiftyJSON.framework",
			);
			runOnlyForDeploymentPostprocessing = 0;
			shellPath = /bin/sh;
			shellScript = "\"${SRCROOT}/Pods/Target Support Files/Pods-App_GUI/Pods-App_GUI-frameworks.sh\"\n";
			showEnvVarsInLog = 0;
		};
/* End PBXShellScriptBuildPhase section */

/* Begin PBXSourcesBuildPhase section */
		21AB1DEE21F5BD0F00A1A380 /* Sources */ = {
			isa = PBXSourcesBuildPhase;
			buildActionMask = 2147483647;
			files = (
				21CF793321F6E29E009D86CA /* App.swift in Sources */,
				21AB1DF821F5BD0F00A1A380 /* ViewController.swift in Sources */,
				21391567220918EE002B908C /* Util.swift in Sources */,
				21AB1DF621F5BD0F00A1A380 /* AppDelegate.swift in Sources */,
				2139156522083BD3002B908C /* Constants.swift in Sources */,
			);
			runOnlyForDeploymentPostprocessing = 0;
		};
/* End PBXSourcesBuildPhase section */

/* Begin PBXVariantGroup section */
		21AB1DFB21F5BD1000A1A380 /* Main.storyboard */ = {
			isa = PBXVariantGroup;
			children = (
				21AB1DFC21F5BD1000A1A380 /* Base */,
			);
			name = Main.storyboard;
			sourceTree = "<group>";
		};
/* End PBXVariantGroup section */

/* Begin XCBuildConfiguration section */
		21AB1E0021F5BD1000A1A380 /* Debug */ = {
			isa = XCBuildConfiguration;
			buildSettings = {
				ALWAYS_SEARCH_USER_PATHS = NO;
				CLANG_ANALYZER_NONNULL = YES;
				CLANG_ANALYZER_NUMBER_OBJECT_CONVERSION = YES_AGGRESSIVE;
				CLANG_CXX_LANGUAGE_STANDARD = "gnu++14";
				CLANG_CXX_LIBRARY = "libc++";
				CLANG_ENABLE_MODULES = YES;
				CLANG_ENABLE_OBJC_ARC = YES;
				CLANG_ENABLE_OBJC_WEAK = YES;
				CLANG_WARN_BLOCK_CAPTURE_AUTORELEASING = YES;
				CLANG_WARN_BOOL_CONVERSION = YES;
				CLANG_WARN_COMMA = YES;
				CLANG_WARN_CONSTANT_CONVERSION = YES;
				CLANG_WARN_DEPRECATED_OBJC_IMPLEMENTATIONS = YES;
				CLANG_WARN_DIRECT_OBJC_ISA_USAGE = YES_ERROR;
				CLANG_WARN_DOCUMENTATION_COMMENTS = YES;
				CLANG_WARN_EMPTY_BODY = YES;
				CLANG_WARN_ENUM_CONVERSION = YES;
				CLANG_WARN_INFINITE_RECURSION = YES;
				CLANG_WARN_INT_CONVERSION = YES;
				CLANG_WARN_NON_LITERAL_NULL_CONVERSION = YES;
				CLANG_WARN_OBJC_IMPLICIT_RETAIN_SELF = YES;
				CLANG_WARN_OBJC_LITERAL_CONVERSION = YES;
				CLANG_WARN_OBJC_ROOT_CLASS = YES_ERROR;
				CLANG_WARN_RANGE_LOOP_ANALYSIS = YES;
				CLANG_WARN_STRICT_PROTOTYPES = YES;
				CLANG_WARN_SUSPICIOUS_MOVE = YES;
				CLANG_WARN_UNGUARDED_AVAILABILITY = YES_AGGRESSIVE;
				CLANG_WARN_UNREACHABLE_CODE = YES;
				CLANG_WARN__DUPLICATE_METHOD_MATCH = YES;
				CODE_SIGN_IDENTITY = "Mac Developer";
				COPY_PHASE_STRIP = NO;
				DEBUG_INFORMATION_FORMAT = dwarf;
				ENABLE_STRICT_OBJC_MSGSEND = YES;
				ENABLE_TESTABILITY = YES;
				GCC_C_LANGUAGE_STANDARD = gnu11;
				GCC_DYNAMIC_NO_PIC = NO;
				GCC_NO_COMMON_BLOCKS = YES;
				GCC_OPTIMIZATION_LEVEL = 0;
				GCC_PREPROCESSOR_DEFINITIONS = (
					"DEBUG=1",
					"$(inherited)",
				);
				GCC_WARN_64_TO_32_BIT_CONVERSION = YES;
				GCC_WARN_ABOUT_RETURN_TYPE = YES_ERROR;
				GCC_WARN_UNDECLARED_SELECTOR = YES;
				GCC_WARN_UNINITIALIZED_AUTOS = YES_AGGRESSIVE;
				GCC_WARN_UNUSED_FUNCTION = YES;
				GCC_WARN_UNUSED_VARIABLE = YES;
				MACOSX_DEPLOYMENT_TARGET = 10.14;
				MTL_ENABLE_DEBUG_INFO = INCLUDE_SOURCE;
				MTL_FAST_MATH = YES;
				ONLY_ACTIVE_ARCH = YES;
				SDKROOT = macosx;
				SWIFT_ACTIVE_COMPILATION_CONDITIONS = DEBUG;
				SWIFT_OPTIMIZATION_LEVEL = "-Onone";
			};
			name = Debug;
		};
		21AB1E0121F5BD1000A1A380 /* Release */ = {
			isa = XCBuildConfiguration;
			buildSettings = {
				ALWAYS_SEARCH_USER_PATHS = NO;
				CLANG_ANALYZER_NONNULL = YES;
				CLANG_ANALYZER_NUMBER_OBJECT_CONVERSION = YES_AGGRESSIVE;
				CLANG_CXX_LANGUAGE_STANDARD = "gnu++14";
				CLANG_CXX_LIBRARY = "libc++";
				CLANG_ENABLE_MODULES = YES;
				CLANG_ENABLE_OBJC_ARC = YES;
				CLANG_ENABLE_OBJC_WEAK = YES;
				CLANG_WARN_BLOCK_CAPTURE_AUTORELEASING = YES;
				CLANG_WARN_BOOL_CONVERSION = YES;
				CLANG_WARN_COMMA = YES;
				CLANG_WARN_CONSTANT_CONVERSION = YES;
				CLANG_WARN_DEPRECATED_OBJC_IMPLEMENTATIONS = YES;
				CLANG_WARN_DIRECT_OBJC_ISA_USAGE = YES_ERROR;
				CLANG_WARN_DOCUMENTATION_COMMENTS = YES;
				CLANG_WARN_EMPTY_BODY = YES;
				CLANG_WARN_ENUM_CONVERSION = YES;
				CLANG_WARN_INFINITE_RECURSION = YES;
				CLANG_WARN_INT_CONVERSION = YES;
				CLANG_WARN_NON_LITERAL_NULL_CONVERSION = YES;
				CLANG_WARN_OBJC_IMPLICIT_RETAIN_SELF = YES;
				CLANG_WARN_OBJC_LITERAL_CONVERSION = YES;
				CLANG_WARN_OBJC_ROOT_CLASS = YES_ERROR;
				CLANG_WARN_RANGE_LOOP_ANALYSIS = YES;
				CLANG_WARN_STRICT_PROTOTYPES = YES;
				CLANG_WARN_SUSPICIOUS_MOVE = YES;
				CLANG_WARN_UNGUARDED_AVAILABILITY = YES_AGGRESSIVE;
				CLANG_WARN_UNREACHABLE_CODE = YES;
				CLANG_WARN__DUPLICATE_METHOD_MATCH = YES;
				CODE_SIGN_IDENTITY = "Mac Developer";
				COPY_PHASE_STRIP = NO;
				DEBUG_INFORMATION_FORMAT = "dwarf-with-dsym";
				ENABLE_NS_ASSERTIONS = NO;
				ENABLE_STRICT_OBJC_MSGSEND = YES;
				GCC_C_LANGUAGE_STANDARD = gnu11;
				GCC_NO_COMMON_BLOCKS = YES;
				GCC_WARN_64_TO_32_BIT_CONVERSION = YES;
				GCC_WARN_ABOUT_RETURN_TYPE = YES_ERROR;
				GCC_WARN_UNDECLARED_SELECTOR = YES;
				GCC_WARN_UNINITIALIZED_AUTOS = YES_AGGRESSIVE;
				GCC_WARN_UNUSED_FUNCTION = YES;
				GCC_WARN_UNUSED_VARIABLE = YES;
				MACOSX_DEPLOYMENT_TARGET = 10.14;
				MTL_ENABLE_DEBUG_INFO = NO;
				MTL_FAST_MATH = YES;
				SDKROOT = macosx;
				SWIFT_COMPILATION_MODE = wholemodule;
				SWIFT_OPTIMIZATION_LEVEL = "-O";
			};
			name = Release;
		};
		21AB1E0321F5BD1000A1A380 /* Debug */ = {
			isa = XCBuildConfiguration;
			baseConfigurationReference = 82828AF81B5ECD339CA1B287 /* Pods-App_GUI.debug.xcconfig */;
			buildSettings = {
				ASSETCATALOG_COMPILER_APPICON_NAME = icon;
				CODE_SIGN_ENTITLEMENTS = App_GUI/App_GUI.entitlements;
				CODE_SIGN_IDENTITY = "Mac Developer";
				CODE_SIGN_STYLE = Automatic;
				COMBINE_HIDPI_IMAGES = YES;
				DEVELOPMENT_TEAM = 388VLJ2P36;
				INFOPLIST_FILE = App_GUI/Info.plist;
				LD_RUNPATH_SEARCH_PATHS = (
					"$(inherited)",
					"@executable_path/../Frameworks",
				);
				PRODUCT_BUNDLE_IDENTIFIER = "com.andrewleonard.App-GUI";
				PRODUCT_NAME = "$(TARGET_NAME)";
				PROVISIONING_PROFILE_SPECIFIER = "";
				SWIFT_VERSION = 4.2;
			};
			name = Debug;
		};
		21AB1E0421F5BD1000A1A380 /* Release */ = {
			isa = XCBuildConfiguration;
			baseConfigurationReference = 064A1293D08F6611495F2D9D /* Pods-App_GUI.release.xcconfig */;
			buildSettings = {
				ASSETCATALOG_COMPILER_APPICON_NAME = icon;
				CODE_SIGN_ENTITLEMENTS = App_GUI/App_GUI.entitlements;
				CODE_SIGN_IDENTITY = "Mac Developer";
				CODE_SIGN_STYLE = Automatic;
				COMBINE_HIDPI_IMAGES = YES;
				DEVELOPMENT_TEAM = 388VLJ2P36;
				INFOPLIST_FILE = App_GUI/Info.plist;
				LD_RUNPATH_SEARCH_PATHS = (
					"$(inherited)",
					"@executable_path/../Frameworks",
				);
				PRODUCT_BUNDLE_IDENTIFIER = "com.andrewleonard.App-GUI";
				PRODUCT_NAME = "$(TARGET_NAME)";
				PROVISIONING_PROFILE_SPECIFIER = "";
				SWIFT_VERSION = 4.2;
			};
			name = Release;
		};
/* End XCBuildConfiguration section */

/* Begin XCConfigurationList section */
		21AB1DED21F5BD0F00A1A380 /* Build configuration list for PBXProject "App_GUI" */ = {
			isa = XCConfigurationList;
			buildConfigurations = (
				21AB1E0021F5BD1000A1A380 /* Debug */,
				21AB1E0121F5BD1000A1A380 /* Release */,
			);
			defaultConfigurationIsVisible = 0;
			defaultConfigurationName = Release;
		};
		21AB1E0221F5BD1000A1A380 /* Build configuration list for PBXNativeTarget "App_GUI" */ = {
			isa = XCConfigurationList;
			buildConfigurations = (
				21AB1E0321F5BD1000A1A380 /* Debug */,
				21AB1E0421F5BD1000A1A380 /* Release */,
			);
			defaultConfigurationIsVisible = 0;
			defaultConfigurationName = Release;
		};
/* End XCConfigurationList section */
	};
	rootObject = 21AB1DEA21F5BD0F00A1A380 /* Project object */;
}
